<Solution>
  <Project Path="LibrarySystem.Domain/LibrarySystem.Domain.csproj" />
  <Project Path="LibrarySystem.Entities/LibrarySystem.Entities.csproj" />
  <Project Path="LibrarySystem.LibraryManagement/LibrarySystem.Api.csproj" />
  <Project Path="LibrarySystem.Services/LibrarySystem.Services.csproj" />
</Solution>
